
Microsoft Visual Studio Solution File, Format Version 12.00
# Visual Studio Version 17
VisualStudioVersion = 17.5.33414.496
MinimumVisualStudioVersion = 10.0.40219.1
Project("{FAE04EC0-301F-11D3-BF4B-00C04F79EFBC}") = "TPC_Web", "TPC_Web\TPC_Web.csproj", "{209326A9-55C2-4CB6-97B1-9E4838B08206}"
EndProject
Project("{FAE04EC0-301F-11D3-BF4B-00C04F79EFBC}") = "Dominio", "Dominio\Dominio.csproj", "{73B0936B-2272-4896-9D93-6D96AFDDF062}"
EndProject
Project("{FAE04EC0-301F-11D3-BF4B-00C04F79EFBC}") = "Negocio", "Negocio\Negocio.csproj", "{A7A45664-415E-4C2F-AB74-707E7B940375}"
EndProject
Global
	GlobalSection(SolutionConfigurationPlatforms) = preSolution
		Debug|Any CPU = Debug|Any CPU
		Release|Any CPU = Release|Any CPU
	EndGlobalSection
	GlobalSection(ProjectConfigurationPlatforms) = postSolution
		{209326A9-55C2-4CB6-97B1-9E4838B08206}.Debug|Any CPU.ActiveCfg = Debug|Any CPU
		{209326A9-55C2-4CB6-97B1-9E4838B08206}.Debug|Any CPU.Build.0 = Debug|Any CPU
		{209326A9-55C2-4CB6-97B1-9E4838B08206}.Release|Any CPU.ActiveCfg = Release|Any CPU
		{209326A9-55C2-4CB6-97B1-9E4838B08206}.Release|Any CPU.Build.0 = Release|Any CPU
		{73B0936B-2272-4896-9D93-6D96AFDDF062}.Debug|Any CPU.ActiveCfg = Debug|Any CPU
		{73B0936B-2272-4896-9D93-6D96AFDDF062}.Debug|Any CPU.Build.0 = Debug|Any CPU
		{73B0936B-2272-4896-9D93-6D96AFDDF062}.Release|Any CPU.ActiveCfg = Release|Any CPU
		{73B0936B-2272-4896-9D93-6D96AFDDF062}.Release|Any CPU.Build.0 = Release|Any CPU
		{A7A45664-415E-4C2F-AB74-707E7B940375}.Debug|Any CPU.ActiveCfg = Debug|Any CPU
		{A7A45664-415E-4C2F-AB74-707E7B940375}.Debug|Any CPU.Build.0 = Debug|Any CPU
		{A7A45664-415E-4C2F-AB74-707E7B940375}.Release|Any CPU.ActiveCfg = Release|Any CPU
		{A7A45664-415E-4C2F-AB74-707E7B940375}.Release|Any CPU.Build.0 = Release|Any CPU
	EndGlobalSection
	GlobalSection(SolutionProperties) = preSolution
		HideSolutionNode = FALSE
	EndGlobalSection
	GlobalSection(ExtensibilityGlobals) = postSolution
		SolutionGuid = {C6CF8686-5B67-41A5-A197-915C4AFB9920}
	EndGlobalSection
EndGlobal
